
Microsoft Visual Studio Solution File, Format Version 12.00
# Visual Studio Version 17
VisualStudioVersion = 17.3.32825.248
MinimumVisualStudioVersion = 10.0.40219.1
Project("{FAE04EC0-301F-11D3-BF4B-00C04F79EFBC}") = "Depozyto", "Depozyto\Depozyto.csproj", "{B4FAF1F9-3531-4382-AD6C-FBB4DA32E5B1}"
EndProject
Global
	GlobalSection(SolutionConfigurationPlatforms) = preSolution
		Debug|Any CPU = Debug|Any CPU
		Release|Any CPU = Release|Any CPU
	EndGlobalSection
	GlobalSection(ProjectConfigurationPlatforms) = postSolution
		{B4FAF1F9-3531-4382-AD6C-FBB4DA32E5B1}.Debug|Any CPU.ActiveCfg = Debug|Any CPU
		{B4FAF1F9-3531-4382-AD6C-FBB4DA32E5B1}.Debug|Any CPU.Build.0 = Debug|Any CPU
		{B4FAF1F9-3531-4382-AD6C-FBB4DA32E5B1}.Release|Any CPU.ActiveCfg = Release|Any CPU
		{B4FAF1F9-3531-4382-AD6C-FBB4DA32E5B1}.Release|Any CPU.Build.0 = Release|Any CPU
	EndGlobalSection
	GlobalSection(SolutionProperties) = preSolution
		HideSolutionNode = FALSE
	EndGlobalSection
	GlobalSection(ExtensibilityGlobals) = postSolution
		SolutionGuid = {B1C033AA-B57A-4F91-9259-89FB9D35D719}
	EndGlobalSection
EndGlobal
